
Microsoft Visual Studio Solution File, Format Version 12.00
# Visual Studio Version 17
VisualStudioVersion = 17.3.32901.215
MinimumVisualStudioVersion = 10.0.40219.1
Project("{FAE04EC0-301F-11D3-BF4B-00C04F79EFBC}") = "VSZipper", "VSZipper\VSZipper.csproj", "{B84EEA96-A0E7-4183-B253-FC7AE5180A5C}"
EndProject
Global
	GlobalSection(SolutionConfigurationPlatforms) = preSolution
		Debug|Any CPU = Debug|Any CPU
		Release|Any CPU = Release|Any CPU
	EndGlobalSection
	GlobalSection(ProjectConfigurationPlatforms) = postSolution
		{B84EEA96-A0E7-4183-B253-FC7AE5180A5C}.Debug|Any CPU.ActiveCfg = Debug|Any CPU
		{B84EEA96-A0E7-4183-B253-FC7AE5180A5C}.Debug|Any CPU.Build.0 = Debug|Any CPU
		{B84EEA96-A0E7-4183-B253-FC7AE5180A5C}.Release|Any CPU.ActiveCfg = Release|Any CPU
		{B84EEA96-A0E7-4183-B253-FC7AE5180A5C}.Release|Any CPU.Build.0 = Release|Any CPU
	EndGlobalSection
	GlobalSection(SolutionProperties) = preSolution
		HideSolutionNode = FALSE
	EndGlobalSection
	GlobalSection(ExtensibilityGlobals) = postSolution
		SolutionGuid = {F27E527B-4C3B-405E-8D10-283E79268F2C}
	EndGlobalSection
EndGlobal
